<?xml version="1.0" encoding="utf-8"?>
<Project ToolsVersion="4.0" xmlns="http://schemas.microsoft.com/developer/msbuild/2003">
  <ItemGroup>
    <Filter Include="Source Files"><UniqueIdentifier>{6D28BA4E-D98E-4C06-B795-A68934B71F49}</UniqueIdentifier></Filter>
    <Filter Include="Header Files"><UniqueIdentifier>{8C290380-756F-4EB6-B81C-4F82957C78FC}</UniqueIdentifier></Filter>
    <Filter Include="Third Party\Dear ImGui"><UniqueIdentifier>{B2DBAE9D-356D-4D27-A20A-F22060669975}</UniqueIdentifier></Filter>
    <Filter Include="Third Party\MinHook"><UniqueIdentifier>{80EAB20E-A052-4A82-910D-B9B5C366C2C4}</UniqueIdentifier></Filter>
  </ItemGroup>
  <ItemGroup>
    <ClCompile Include="src\diagnostics.cpp"><Filter>Source Files</Filter></ClCompile><ClCompile Include="src\dllmain.cpp"><Filter>Source Files</Filter></ClCompile><ClCompile Include="src\log.cpp"><Filter>Source Files</Filter></ClCompile><ClCompile Include="src\pch.cpp"><Filter>Source Files</Filter></ClCompile><ClCompile Include="src\render_hook.cpp"><Filter>Source Files</Filter></ClCompile><ClCompile Include="src\runtime.cpp"><Filter>Source Files</Filter></ClCompile><ClCompile Include="src\ui_shell.cpp"><Filter>Source Files</Filter></ClCompile><ClCompile Include="src\window_bridge.cpp"><Filter>Source Files</Filter></ClCompile><ClCompile Include="src\esp.cpp"><Filter>Source Files</Filter></ClCompile><ClCompile Include="src\game_hooks.cpp"><Filter>Source Files</Filter></ClCompile><ClCompile Include="src\feature_reveal_map.cpp"><Filter>Source Files</Filter></ClCompile>
    <ClCompile Include="third_party\imgui\imgui.cpp"><Filter>Third Party\Dear ImGui</Filter></ClCompile><ClCompile Include="third_party\imgui\imgui_demo.cpp"><Filter>Third Party\Dear ImGui</Filter></ClCompile><ClCompile Include="third_party\imgui\imgui_draw.cpp"><Filter>Third Party\Dear ImGui</Filter></ClCompile><ClCompile Include="third_party\imgui\imgui_tables.cpp"><Filter>Third Party\Dear ImGui</Filter></ClCompile><ClCompile Include="third_party\imgui\imgui_widgets.cpp"><Filter>Third Party\Dear ImGui</Filter></ClCompile><ClCompile Include="third_party\imgui\backends\imgui_impl_opengl2.cpp"><Filter>Third Party\Dear ImGui</Filter></ClCompile><ClCompile Include="third_party\imgui\backends\imgui_impl_win32.cpp"><Filter>Third Party\Dear ImGui</Filter></ClCompile>
    <ClCompile Include="third_party\minhook\src\buffer.c"><Filter>Third Party\MinHook</Filter></ClCompile><ClCompile Include="third_party\minhook\src\hook.c"><Filter>Third Party\MinHook</Filter></ClCompile><ClCompile Include="third_party\minhook\src\trampoline.c"><Filter>Third Party\MinHook</Filter></ClCompile><ClCompile Include="third_party\minhook\src\hde\hde32.c"><Filter>Third Party\MinHook</Filter></ClCompile>
  </ItemGroup>
  <ItemGroup>
    <ClInclude Include="src\diagnostics.h"><Filter>Header Files</Filter></ClInclude><ClInclude Include="src\log.h"><Filter>Header Files</Filter></ClInclude><ClInclude Include="src\pch.h"><Filter>Header Files</Filter></ClInclude><ClInclude Include="src\render_hook.h"><Filter>Header Files</Filter></ClInclude><ClInclude Include="src\runtime.h"><Filter>Header Files</Filter></ClInclude><ClInclude Include="src\ui_shell.h"><Filter>Header Files</Filter></ClInclude><ClInclude Include="src\window_bridge.h"><Filter>Header Files</Filter></ClInclude><ClInclude Include="src\esp.h"><Filter>Header Files</Filter></ClInclude><ClInclude Include="src\game_hooks.h"><Filter>Header Files</Filter></ClInclude><ClInclude Include="src\feature_reveal_map.h"><Filter>Header Files</Filter></ClInclude>
    <ClInclude Include="third_party\imgui\imconfig.h"><Filter>Third Party\Dear ImGui</Filter></ClInclude><ClInclude Include="third_party\imgui\imgui.h"><Filter>Third Party\Dear ImGui</Filter></ClInclude><ClInclude Include="third_party\imgui\imgui_internal.h"><Filter>Third Party\Dear ImGui</Filter></ClInclude><ClInclude Include="third_party\imgui\backends\imgui_impl_opengl2.h"><Filter>Third Party\Dear ImGui</Filter></ClInclude><ClInclude Include="third_party\imgui\backends\imgui_impl_win32.h"><Filter>Third Party\Dear ImGui</Filter></ClInclude><ClInclude Include="third_party\minhook\include\MinHook.h"><Filter>Third Party\MinHook</Filter></ClInclude>
  </ItemGroup>
</Project>
